// !$*UTF8*$!
{
	archiveVersion = 1;
	classes = {
	};
	objectVersion = 46;
	objects = {

/* Begin PBXBuildFile section */
		DBCAA21C1D10E61A000B305E /* AppDelegate.swift in Sources */ = {isa = PBXBuildFile; fileRef = DBCAA21B1D10E61A000B305E /* AppDelegate.swift */; };
		DBCAA21E1D10E61A000B305E /* ViewController.swift in Sources */ = {isa = PBXBuildFile; fileRef = DBCAA21D1D10E61A000B305E /* ViewController.swift */; };
		DBCAA2211D10E61A000B305E /* Main.storyboard in Resources */ = {isa = PBXBuildFile; fileRef = DBCAA21F1D10E61A000B305E /* Main.storyboard */; };
		DBCAA2231D10E61A000B305E /* Assets.xcassets in Resources */ = {isa = PBXBuildFile; fileRef = DBCAA2221D10E61A000B305E /* Assets.xcassets */; };
		DBCAA2261D10E61A000B305E /* LaunchScreen.storyboard in Resources */ = {isa = PBXBuildFile; fileRef = DBCAA2241D10E61A000B305E /* LaunchScreen.storyboard */; };
		DBCAA2311D10E61A000B305E /* CalculatorTests.swift in Sources */ = {isa = PBXBuildFile; fileRef = DBCAA2301D10E61A000B305E /* CalculatorTests.swift */; };
		DBCAA23C1D10E61A000B305E /* CalculatorUITests.swift in Sources */ = {isa = PBXBuildFile; fileRef = DBCAA23B1D10E61A000B305E /* CalculatorUITests.swift */; };
/* End PBXBuildFile section */

/* Begin PBXContainerItemProxy section */
		DBCAA22D1D10E61A000B305E /* PBXContainerItemProxy */ = {
			isa = PBXContainerItemProxy;
			containerPortal = DBCAA2101D10E619000B305E /* Project object */;
			proxyType = 1;
			remoteGlobalIDString = DBCAA2171D10E61A000B305E;
			remoteInfo = Calculator;
		};
		DBCAA2381D10E61A000B305E /* PBXContainerItemProxy */ = {
			isa = PBXContainerItemProxy;
			containerPortal = DBCAA2101D10E619000B305E /* Project object */;
			proxyType = 1;
			remoteGlobalIDString = DBCAA2171D10E61A000B305E;
			remoteInfo = Calculator;
		};
/* End PBXContainerItemProxy section */

/* Begin PBXFileReference section */
		DBCAA2181D10E61A000B305E /* Calculator.app */ = {isa = PBXFileReference; explicitFileType = wrapper.application; includeInIndex = 0; path = Calculator.app; sourceTree = BUILT_PRODUCTS_DIR; };
		DBCAA21B1D10E61A000B305E /* AppDelegate.swift */ = {isa = PBXFileReference; lastKnownFileType = sourcecode.swift; path = AppDelegate.swift; sourceTree = "<group>"; };
		DBCAA21D1D10E61A000B305E /* ViewController.swift */ = {isa = PBXFileReference; lastKnownFileType = sourcecode.swift; path = ViewController.swift; sourceTree = "<group>"; };
		DBCAA2201D10E61A000B305E /* Base */ = {isa = PBXFileReference; lastKnownFileType = file.storyboard; name = Base; path = Base.lproj/Main.storyboard; sourceTree = "<group>"; };
		DBCAA2221D10E61A000B305E /* Assets.xcassets */ = {isa = PBXFileReference; lastKnownFileType = folder.assetcatalog; path = Assets.xcassets; sourceTree = "<group>"; };
		DBCAA2251D10E61A000B305E /* Base */ = {isa = PBXFileReference; lastKnownFileType = file.storyboard; name = Base; path = Base.lproj/LaunchScreen.storyboard; sourceTree = "<group>"; };
		DBCAA2271D10E61A000B305E /* Info.plist */ = {isa = PBXFileReference; lastKnownFileType = text.plist.xml; path = Info.plist; sourceTree = "<group>"; };
		DBCAA22C1D10E61A000B305E /* CalculatorTests.xctest */ = {isa = PBXFileReference; explicitFileType = wrapper.cfbundle; includeInIndex = 0; path = CalculatorTests.xctest; sourceTree = BUILT_PRODUCTS_DIR; };
		DBCAA2301D10E61A000B305E /* CalculatorTests.swift */ = {isa = PBXFileReference; lastKnownFileType = sourcecode.swift; path = CalculatorTests.swift; sourceTree = "<group>"; };
		DBCAA2321D10E61A000B305E /* Info.plist */ = {isa = PBXFileReference; lastKnownFileType = text.plist.xml; path = Info.plist; sourceTree = "<group>"; };
		DBCAA2371D10E61A000B305E /* CalculatorUITests.xctest */ = {isa = PBXFileReference; explicitFileType = wrapper.cfbundle; includeInIndex = 0; path = CalculatorUITests.xctest; sourceTree = BUILT_PRODUCTS_DIR; };
		DBCAA23B1D10E61A000B305E /* CalculatorUITests.swift */ = {isa = PBXFileReference; lastKnownFileType = sourcecode.swift; path = CalculatorUITests.swift; sourceTree = "<group>"; };
		DBCAA23D1D10E61A000B305E /* Info.plist */ = {isa = PBXFileReference; lastKnownFileType = text.plist.xml; path = Info.plist; sourceTree = "<group>"; };
/* End PBXFileReference section */

/* Begin PBXFrameworksBuildPhase section */
		DBCAA2151D10E61A000B305E /* Frameworks */ = {
			isa = PBXFrameworksBuildPhase;
			buildActionMask = 2147483647;
			files = (
			);
			runOnlyForDeploymentPostprocessing = 0;
		};
		DBCAA2291D10E61A000B305E /* Frameworks */ = {
			isa = PBXFrameworksBuildPhase;
			buildActionMask = 2147483647;
			files = (
			);
			runOnlyForDeploymentPostprocessing = 0;
		};
		DBCAA2341D10E61A000B305E /* Frameworks */ = {
			isa = PBXFrameworksBuildPhase;
			buildActionMask = 2147483647;
			files = (
			);
			runOnlyForDeploymentPostprocessing = 0;
		};
/* End PBXFrameworksBuildPhase section */

/* Begin PBXGroup section */
		DBCAA20F1D10E619000B305E = {
			isa = PBXGroup;
			children = (
				DBCAA21A1D10E61A000B305E /* Calculator */,
				DBCAA22F1D10E61A000B305E /* CalculatorTests */,
				DBCAA23A1D10E61A000B305E /* CalculatorUITests */,
				DBCAA2191D10E61A000B305E /* Products */,
			);
			sourceTree = "<group>";
		};
		DBCAA2191D10E61A000B305E /* Products */ = {
			isa = PBXGroup;
			children = (
				DBCAA2181D10E61A000B305E /* Calculator.app */,
				DBCAA22C1D10E61A000B305E /* CalculatorTests.xctest */,
				DBCAA2371D10E61A000B305E /* CalculatorUITests.xctest */,
			);
			name = Products;
			sourceTree = "<group>";
		};
		DBCAA21A1D10E61A000B305E /* Calculator */ = {
			isa = PBXGroup;
			children = (
				DBCAA21B1D10E61A000B305E /* AppDelegate.swift */,
				DBCAA21D1D10E61A000B305E /* ViewController.swift */,
				DBCAA21F1D10E61A000B305E /* Main.storyboard */,
				DBCAA2221D10E61A000B305E /* Assets.xcassets */,
				DBCAA2241D10E61A000B305E /* LaunchScreen.storyboard */,
				DBCAA2271D10E61A000B305E /* Info.plist */,
			);
			path = Calculator;
			sourceTree = "<group>";
		};
		DBCAA22F1D10E61A000B305E /* CalculatorTests */ = {
			isa = PBXGroup;
			children = (
				DBCAA2301D10E61A000B305E /* CalculatorTests.swift */,
				DBCAA2321D10E61A000B305E /* Info.plist */,
			);
			path = CalculatorTests;
			sourceTree = "<group>";
		};
		DBCAA23A1D10E61A000B305E /* CalculatorUITests */ = {
			isa = PBXGroup;
			children = (
				DBCAA23B1D10E61A000B305E /* CalculatorUITests.swift */,
				DBCAA23D1D10E61A000B305E /* Info.plist */,
			);
			path = CalculatorUITests;
			sourceTree = "<group>";
		};
/* End PBXGroup section */

/* Begin PBXNativeTarget section */
		DBCAA2171D10E61A000B305E /* Calculator */ = {
			isa = PBXNativeTarget;
			buildConfigurationList = DBCAA2401D10E61A000B305E /* Build configuration list for PBXNativeTarget "Calculator" */;
			buildPhases = (
				DBCAA2141D10E61A000B305E /* Sources */,
				DBCAA2151D10E61A000B305E /* Frameworks */,
				DBCAA2161D10E61A000B305E /* Resources */,
			);
			buildRules = (
			);
			dependencies = (
			);
			name = Calculator;
			productName = Calculator;
			productReference = DBCAA2181D10E61A000B305E /* Calculator.app */;
			productType = "com.apple.product-type.application";
		};
		DBCAA22B1D10E61A000B305E /* CalculatorTests */ = {
			isa = PBXNativeTarget;
			buildConfigurationList = DBCAA2431D10E61A000B305E /* Build configuration list for PBXNativeTarget "CalculatorTests" */;
			buildPhases = (
				DBCAA2281D10E61A000B305E /* Sources */,
				DBCAA2291D10E61A000B305E /* Frameworks */,
				DBCAA22A1D10E61A000B305E /* Resources */,
			);
			buildRules = (
			);
			dependencies = (
				DBCAA22E1D10E61A000B305E /* PBXTargetDependency */,
			);
			name = CalculatorTests;
			productName = CalculatorTests;
			productReference = DBCAA22C1D10E61A000B305E /* CalculatorTests.xctest */;
			productType = "com.apple.product-type.bundle.unit-test";
		};
		DBCAA2361D10E61A000B305E /* CalculatorUITests */ = {
			isa = PBXNativeTarget;
			buildConfigurationList = DBCAA2461D10E61A000B305E /* Build configuration list for PBXNativeTarget "CalculatorUITests" */;
			buildPhases = (
				DBCAA2331D10E61A000B305E /* Sources */,
				DBCAA2341D10E61A000B305E /* Frameworks */,
				DBCAA2351D10E61A000B305E /* Resources */,
			);
			buildRules = (
			);
			dependencies = (
				DBCAA2391D10E61A000B305E /* PBXTargetDependency */,
			);
			name = CalculatorUITests;
			productName = CalculatorUITests;
			productReference = DBCAA2371D10E61A000B305E /* CalculatorUITests.xctest */;
			productType = "com.apple.product-type.bundle.ui-testing";
		};
/* End PBXNativeTarget section */

/* Begin PBXProject section */
		DBCAA2101D10E619000B305E /* Project object */ = {
			isa = PBXProject;
			attributes = {
				LastSwiftUpdateCheck = 0730;
				LastUpgradeCheck = 0730;
				ORGANIZATIONNAME = "Tom McCarthy";
				TargetAttributes = {
					DBCAA2171D10E61A000B305E = {
						CreatedOnToolsVersion = 7.3.1;
					};
					DBCAA22B1D10E61A000B305E = {
						CreatedOnToolsVersion = 7.3.1;
						TestTargetID = DBCAA2171D10E61A000B305E;
					};
					DBCAA2361D10E61A000B305E = {
						CreatedOnToolsVersion = 7.3.1;
						TestTargetID = DBCAA2171D10E61A000B305E;
					};
				};
			};
			buildConfigurationList = DBCAA2131D10E619000B305E /* Build configuration list for PBXProject "Calculator" */;
			compatibilityVersion = "Xcode 3.2";
			developmentRegion = English;
			hasScannedForEncodings = 0;
			knownRegions = (
				en,
				Base,
			);
			mainGroup = DBCAA20F1D10E619000B305E;
			productRefGroup = DBCAA2191D10E61A000B305E /* Products */;
			projectDirPath = "";
			projectRoot = "";
			targets = (
				DBCAA2171D10E61A000B305E /* Calculator */,
				DBCAA22B1D10E61A000B305E /* CalculatorTests */,
				DBCAA2361D10E61A000B305E /* CalculatorUITests */,
			);
		};
/* End PBXProject section */

/* Begin PBXResourcesBuildPhase section */
		DBCAA2161D10E61A000B305E /* Resources */ = {
			isa = PBXResourcesBuildPhase;
			buildActionMask = 2147483647;
			files = (
				DBCAA2261D10E61A000B305E /* LaunchScreen.storyboard in Resources */,
				DBCAA2231D10E61A000B305E /* Assets.xcassets in Resources */,
				DBCAA2211D10E61A000B305E /* Main.storyboard in Resources */,
			);
			runOnlyForDeploymentPostprocessing = 0;
		};
		DBCAA22A1D10E61A000B305E /* Resources */ = {
			isa = PBXResourcesBuildPhase;
			buildActionMask = 2147483647;
			files = (
			);
			runOnlyForDeploymentPostprocessing = 0;
		};
		DBCAA2351D10E61A000B305E /* Resources */ = {
			isa = PBXResourcesBuildPhase;
			buildActionMask = 2147483647;
			files = (
			);
			runOnlyForDeploymentPostprocessing = 0;
		};
/* End PBXResourcesBuildPhase section */

/* Begin PBXSourcesBuildPhase section */
		DBCAA2141D10E61A000B305E /* Sources */ = {
			isa = PBXSourcesBuildPhase;
			buildActionMask = 2147483647;
			files = (
				DBCAA21E1D10E61A000B305E /* ViewController.swift in Sources */,
				DBCAA21C1D10E61A000B305E /* AppDelegate.swift in Sources */,
			);
			runOnlyForDeploymentPostprocessing = 0;
		};
		DBCAA2281D10E61A000B305E /* Sources */ = {
			isa = PBXSourcesBuildPhase;
			buildActionMask = 2147483647;
			files = (
				DBCAA2311D10E61A000B305E /* CalculatorTests.swift in Sources */,
			);
			runOnlyForDeploymentPostprocessing = 0;
		};
		DBCAA2331D10E61A000B305E /* Sources */ = {
			isa = PBXSourcesBuildPhase;
			buildActionMask = 2147483647;
			files = (
				DBCAA23C1D10E61A000B305E /* CalculatorUITests.swift in Sources */,
			);
			runOnlyForDeploymentPostprocessing = 0;
		};
/* End PBXSourcesBuildPhase section */

/* Begin PBXTargetDependency section */
		DBCAA22E1D10E61A000B305E /* PBXTargetDependency */ = {
			isa = PBXTargetDependency;
			target = DBCAA2171D10E61A000B305E /* Calculator */;
			targetProxy = DBCAA22D1D10E61A000B305E /* PBXContainerItemProxy */;
		};
		DBCAA2391D10E61A000B305E /* PBXTargetDependency */ = {
			isa = PBXTargetDependency;
			target = DBCAA2171D10E61A000B305E /* Calculator */;
			targetProxy = DBCAA2381D10E61A000B305E /* PBXContainerItemProxy */;
		};
/* End PBXTargetDependency section */

/* Begin PBXVariantGroup section */
		DBCAA21F1D10E61A000B305E /* Main.storyboard */ = {
			isa = PBXVariantGroup;
			children = (
				DBCAA2201D10E61A000B305E /* Base */,
			);
			name = Main.storyboard;
			sourceTree = "<group>";
		};
		DBCAA2241D10E61A000B305E /* LaunchScreen.storyboard */ = {
			isa = PBXVariantGroup;
			children = (
				DBCAA2251D10E61A000B305E /* Base */,
			);
			name = LaunchScreen.storyboard;
			sourceTree = "<group>";
		};
/* End PBXVariantGroup section */

/* Begin XCBuildConfiguration section */
		DBCAA23E1D10E61A000B305E /* Debug */ = {
			isa = XCBuildConfiguration;
			buildSettings = {
				ALWAYS_SEARCH_USER_PATHS = NO;
				CLANG_ANALYZER_NONNULL = YES;
				CLANG_CXX_LANGUAGE_STANDARD = "gnu++0x";
				CLANG_CXX_LIBRARY = "libc++";
				CLANG_ENABLE_MODULES = YES;
				CLANG_ENABLE_OBJC_ARC = YES;
				CLANG_WARN_BOOL_CONVERSION = YES;
				CLANG_WARN_CONSTANT_CONVERSION = YES;
				CLANG_WARN_DIRECT_OBJC_ISA_USAGE = YES_ERROR;
				CLANG_WARN_EMPTY_BODY = YES;
				CLANG_WARN_ENUM_CONVERSION = YES;
				CLANG_WARN_INT_CONVERSION = YES;
				CLANG_WARN_OBJC_ROOT_CLASS = YES_ERROR;
				CLANG_WARN_UNREACHABLE_CODE = YES;
				CLANG_WARN__DUPLICATE_METHOD_MATCH = YES;
				"CODE_SIGN_IDENTITY[sdk=iphoneos*]" = "iPhone Developer";
				COPY_PHASE_STRIP = NO;
				DEBUG_INFORMATION_FORMAT = dwarf;
				ENABLE_STRICT_OBJC_MSGSEND = YES;
				ENABLE_TESTABILITY = YES;
				GCC_C_LANGUAGE_STANDARD = gnu99;
				GCC_DYNAMIC_NO_PIC = NO;
				GCC_NO_COMMON_BLOCKS = YES;
				GCC_OPTIMIZATION_LEVEL = 0;
				GCC_PREPROCESSOR_DEFINITIONS = (
					"DEBUG=1",
					"$(inherited)",
				);
				GCC_WARN_64_TO_32_BIT_CONVERSION = YES;
				GCC_WARN_ABOUT_RETURN_TYPE = YES_ERROR;
				GCC_WARN_UNDECLARED_SELECTOR = YES;
				GCC_WARN_UNINITIALIZED_AUTOS = YES_AGGRESSIVE;
				GCC_WARN_UNUSED_FUNCTION = YES;
				GCC_WARN_UNUSED_VARIABLE = YES;
				IPHONEOS_DEPLOYMENT_TARGET = 9.3;
				MTL_ENABLE_DEBUG_INFO = YES;
				ONLY_ACTIVE_ARCH = YES;
				SDKROOT = iphoneos;
				SWIFT_OPTIMIZATION_LEVEL = "-Onone";
			};
			name = Debug;
		};
		DBCAA23F1D10E61A000B305E /* Release */ = {
			isa = XCBuildConfiguration;
			buildSettings = {
				ALWAYS_SEARCH_USER_PATHS = NO;
				CLANG_ANALYZER_NONNULL = YES;
				CLANG_CXX_LANGUAGE_STANDARD = "gnu++0x";
				CLANG_CXX_LIBRARY = "libc++";
				CLANG_ENABLE_MODULES = YES;
				CLANG_ENABLE_OBJC_ARC = YES;
				CLANG_WARN_BOOL_CONVERSION = YES;
				CLANG_WARN_CONSTANT_CONVERSION = YES;
				CLANG_WARN_DIRECT_OBJC_ISA_USAGE = YES_ERROR;
				CLANG_WARN_EMPTY_BODY = YES;
				CLANG_WARN_ENUM_CONVERSION = YES;
				CLANG_WARN_INT_CONVERSION = YES;
				CLANG_WARN_OBJC_ROOT_CLASS = YES_ERROR;
				CLANG_WARN_UNREACHABLE_CODE = YES;
				CLANG_WARN__DUPLICATE_METHOD_MATCH = YES;
				"CODE_SIGN_IDENTITY[sdk=iphoneos*]" = "iPhone Developer";
				COPY_PHASE_STRIP = NO;
				DEBUG_INFORMATION_FORMAT = "dwarf-with-dsym";
				ENABLE_NS_ASSERTIONS = NO;
				ENABLE_STRICT_OBJC_MSGSEND = YES;
				GCC_C_LANGUAGE_STANDARD = gnu99;
				GCC_NO_COMMON_BLOCKS = YES;
				GCC_WARN_64_TO_32_BIT_CONVERSION = YES;
				GCC_WARN_ABOUT_RETURN_TYPE = YES_ERROR;
				GCC_WARN_UNDECLARED_SELECTOR = YES;
				GCC_WARN_UNINITIALIZED_AUTOS = YES_AGGRESSIVE;
				GCC_WARN_UNUSED_FUNCTION = YES;
				GCC_WARN_UNUSED_VARIABLE = YES;
				IPHONEOS_DEPLOYMENT_TARGET = 9.3;
				MTL_ENABLE_DEBUG_INFO = NO;
				SDKROOT = iphoneos;
				VALIDATE_PRODUCT = YES;
			};
			name = Release;
		};
		DBCAA2411D10E61A000B305E /* Debug */ = {
			isa = XCBuildConfiguration;
			buildSettings = {
				ASSETCATALOG_COMPILER_APPICON_NAME = AppIcon;
				INFOPLIST_FILE = Calculator/Info.plist;
				LD_RUNPATH_SEARCH_PATHS = "$(inherited) @executable_path/Frameworks";
				PRODUCT_BUNDLE_IDENTIFIER = tom.Calculator;
				PRODUCT_NAME = "$(TARGET_NAME)";
			};
			name = Debug;
		};
		DBCAA2421D10E61A000B305E /* Release */ = {
			isa = XCBuildConfiguration;
			buildSettings = {
				ASSETCATALOG_COMPILER_APPICON_NAME = AppIcon;
				INFOPLIST_FILE = Calculator/Info.plist;
				LD_RUNPATH_SEARCH_PATHS = "$(inherited) @executable_path/Frameworks";
				PRODUCT_BUNDLE_IDENTIFIER = tom.Calculator;
				PRODUCT_NAME = "$(TARGET_NAME)";
			};
			name = Release;
		};
		DBCAA2441D10E61A000B305E /* Debug */ = {
			isa = XCBuildConfiguration;
			buildSettings = {
				BUNDLE_LOADER = "$(TEST_HOST)";
				INFOPLIST_FILE = CalculatorTests/Info.plist;
				LD_RUNPATH_SEARCH_PATHS = "$(inherited) @executable_path/Frameworks @loader_path/Frameworks";
				PRODUCT_BUNDLE_IDENTIFIER = tom.CalculatorTests;
				PRODUCT_NAME = "$(TARGET_NAME)";
				TEST_HOST = "$(BUILT_PRODUCTS_DIR)/Calculator.app/Calculator";
			};
			name = Debug;
		};
		DBCAA2451D10E61A000B305E /* Release */ = {
			isa = XCBuildConfiguration;
			buildSettings = {
				BUNDLE_LOADER = "$(TEST_HOST)";
				INFOPLIST_FILE = CalculatorTests/Info.plist;
				LD_RUNPATH_SEARCH_PATHS = "$(inherited) @executable_path/Frameworks @loader_path/Frameworks";
				PRODUCT_BUNDLE_IDENTIFIER = tom.CalculatorTests;
				PRODUCT_NAME = "$(TARGET_NAME)";
				TEST_HOST = "$(BUILT_PRODUCTS_DIR)/Calculator.app/Calculator";
			};
			name = Release;
		};
		DBCAA2471D10E61A000B305E /* Debug */ = {
			isa = XCBuildConfiguration;
			buildSettings = {
				INFOPLIST_FILE = CalculatorUITests/Info.plist;
				LD_RUNPATH_SEARCH_PATHS = "$(inherited) @executable_path/Frameworks @loader_path/Frameworks";
				PRODUCT_BUNDLE_IDENTIFIER = tom.CalculatorUITests;
				PRODUCT_NAME = "$(TARGET_NAME)";
				TEST_TARGET_NAME = Calculator;
			};
			name = Debug;
		};
		DBCAA2481D10E61A000B305E /* Release */ = {
			isa = XCBuildConfiguration;
			buildSettings = {
				INFOPLIST_FILE = CalculatorUITests/Info.plist;
				LD_RUNPATH_SEARCH_PATHS = "$(inherited) @executable_path/Frameworks @loader_path/Frameworks";
				PRODUCT_BUNDLE_IDENTIFIER = tom.CalculatorUITests;
				PRODUCT_NAME = "$(TARGET_NAME)";
				TEST_TARGET_NAME = Calculator;
			};
			name = Release;
		};
/* End XCBuildConfiguration section */

/* Begin XCConfigurationList section */
		DBCAA2131D10E619000B305E /* Build configuration list for PBXProject "Calculator" */ = {
			isa = XCConfigurationList;
			buildConfigurations = (
				DBCAA23E1D10E61A000B305E /* Debug */,
				DBCAA23F1D10E61A000B305E /* Release */,
			);
			defaultConfigurationIsVisible = 0;
			defaultConfigurationName = Release;
		};
		DBCAA2401D10E61A000B305E /* Build configuration list for PBXNativeTarget "Calculator" */ = {
			isa = XCConfigurationList;
			buildConfigurations = (
				DBCAA2411D10E61A000B305E /* Debug */,
				DBCAA2421D10E61A000B305E /* Release */,
			);
			defaultConfigurationIsVisible = 0;
		};
		DBCAA2431D10E61A000B305E /* Build configuration list for PBXNativeTarget "CalculatorTests" */ = {
			isa = XCConfigurationList;
			buildConfigurations = (
				DBCAA2441D10E61A000B305E /* Debug */,
				DBCAA2451D10E61A000B305E /* Release */,
			);
			defaultConfigurationIsVisible = 0;
		};
		DBCAA2461D10E61A000B305E /* Build configuration list for PBXNativeTarget "CalculatorUITests" */ = {
			isa = XCConfigurationList;
			buildConfigurations = (
				DBCAA2471D10E61A000B305E /* Debug */,
				DBCAA2481D10E61A000B305E /* Release */,
			);
			defaultConfigurationIsVisible = 0;
		};
/* End XCConfigurationList section */
	};
	rootObject = DBCAA2101D10E619000B305E /* Project object */;
}
